
Microsoft Visual Studio Solution File, Format Version 12.00
# Visual Studio Version 17
VisualStudioVersion = 17.6.33829.357
MinimumVisualStudioVersion = 10.0.40219.1
Project("{FAE04EC0-301F-11D3-BF4B-00C04F79EFBC}") = "AuditEntry", "AuditEntry\AuditEntry.csproj", "{F61FC486-20EF-4F8B-93FB-726786A0F78F}"
EndProject
Global
	GlobalSection(SolutionConfigurationPlatforms) = preSolution
		Debug|Any CPU = Debug|Any CPU
		Release|Any CPU = Release|Any CPU
	EndGlobalSection
	GlobalSection(ProjectConfigurationPlatforms) = postSolution
		{F61FC486-20EF-4F8B-93FB-726786A0F78F}.Debug|Any CPU.ActiveCfg = Debug|Any CPU
		{F61FC486-20EF-4F8B-93FB-726786A0F78F}.Debug|Any CPU.Build.0 = Debug|Any CPU
		{F61FC486-20EF-4F8B-93FB-726786A0F78F}.Release|Any CPU.ActiveCfg = Release|Any CPU
		{F61FC486-20EF-4F8B-93FB-726786A0F78F}.Release|Any CPU.Build.0 = Release|Any CPU
	EndGlobalSection
	GlobalSection(SolutionProperties) = preSolution
		HideSolutionNode = FALSE
	EndGlobalSection
	GlobalSection(ExtensibilityGlobals) = postSolution
		SolutionGuid = {051B9CF6-3ADD-467E-96CB-00047BABD5AC}
	EndGlobalSection
EndGlobal
